
Microsoft Visual Studio Solution File, Format Version 12.00
# Visual Studio 15
VisualStudioVersion = 15.0.26730.3
MinimumVisualStudioVersion = 10.0.40219.1
Project("{FAE04EC0-301F-11D3-BF4B-00C04F79EFBC}") = "SqlJob.UI", "SqlJob.UI\SqlJob.UI.csproj", "{66E4FCED-B8D5-4D9E-BFB0-9D8CE9600331}"
EndProject
Project("{9A19103F-16F7-4668-BE54-9A1E7A4F7556}") = "Sqljob.Api", "Sqljob.Api\Sqljob.Api.csproj", "{6DA99E85-D111-4B1F-AE6D-45AB19BBE4B9}"
EndProject
Project("{FAE04EC0-301F-11D3-BF4B-00C04F79EFBC}") = "SqlJobAPITests", "SqlJobAPITests\SqlJobAPITests.csproj", "{79AC516F-1C89-4E6E-9DAE-F18636A334DD}"
EndProject
Global
	GlobalSection(SolutionConfigurationPlatforms) = preSolution
		Debug|Any CPU = Debug|Any CPU
		Release|Any CPU = Release|Any CPU
	EndGlobalSection
	GlobalSection(ProjectConfigurationPlatforms) = postSolution
		{66E4FCED-B8D5-4D9E-BFB0-9D8CE9600331}.Debug|Any CPU.ActiveCfg = Debug|Any CPU
		{66E4FCED-B8D5-4D9E-BFB0-9D8CE9600331}.Debug|Any CPU.Build.0 = Debug|Any CPU
		{66E4FCED-B8D5-4D9E-BFB0-9D8CE9600331}.Release|Any CPU.ActiveCfg = Release|Any CPU
		{66E4FCED-B8D5-4D9E-BFB0-9D8CE9600331}.Release|Any CPU.Build.0 = Release|Any CPU
		{6DA99E85-D111-4B1F-AE6D-45AB19BBE4B9}.Debug|Any CPU.ActiveCfg = Debug|Any CPU
		{6DA99E85-D111-4B1F-AE6D-45AB19BBE4B9}.Debug|Any CPU.Build.0 = Debug|Any CPU
		{6DA99E85-D111-4B1F-AE6D-45AB19BBE4B9}.Release|Any CPU.ActiveCfg = Release|Any CPU
		{6DA99E85-D111-4B1F-AE6D-45AB19BBE4B9}.Release|Any CPU.Build.0 = Release|Any CPU
		{79AC516F-1C89-4E6E-9DAE-F18636A334DD}.Debug|Any CPU.ActiveCfg = Debug|Any CPU
		{79AC516F-1C89-4E6E-9DAE-F18636A334DD}.Debug|Any CPU.Build.0 = Debug|Any CPU
		{79AC516F-1C89-4E6E-9DAE-F18636A334DD}.Release|Any CPU.ActiveCfg = Release|Any CPU
		{79AC516F-1C89-4E6E-9DAE-F18636A334DD}.Release|Any CPU.Build.0 = Release|Any CPU
	EndGlobalSection
	GlobalSection(SolutionProperties) = preSolution
		HideSolutionNode = FALSE
	EndGlobalSection
	GlobalSection(ExtensibilityGlobals) = postSolution
		SolutionGuid = {42FCCE54-C6A8-44AC-8F1C-6C73AECCC8F8}
	EndGlobalSection
EndGlobal
